
Microsoft Visual Studio Solution File, Format Version 12.00
# Visual Studio 15
VisualStudioVersion = 15.0.28010.2050
MinimumVisualStudioVersion = 10.0.40219.1
Project("{FAE04EC0-301F-11D3-BF4B-00C04F79EFBC}") = "azfunc-hcf-repro", "azfunc-hcf-repro\azfunc-hcf-repro.csproj", "{DB689844-6682-47C3-9275-32E8C85428BD}"
EndProject
Global
	GlobalSection(SolutionConfigurationPlatforms) = preSolution
		Debug|Any CPU = Debug|Any CPU
		Release|Any CPU = Release|Any CPU
	EndGlobalSection
	GlobalSection(ProjectConfigurationPlatforms) = postSolution
		{DB689844-6682-47C3-9275-32E8C85428BD}.Debug|Any CPU.ActiveCfg = Debug|Any CPU
		{DB689844-6682-47C3-9275-32E8C85428BD}.Debug|Any CPU.Build.0 = Debug|Any CPU
		{DB689844-6682-47C3-9275-32E8C85428BD}.Release|Any CPU.ActiveCfg = Release|Any CPU
		{DB689844-6682-47C3-9275-32E8C85428BD}.Release|Any CPU.Build.0 = Release|Any CPU
	EndGlobalSection
	GlobalSection(SolutionProperties) = preSolution
		HideSolutionNode = FALSE
	EndGlobalSection
	GlobalSection(ExtensibilityGlobals) = postSolution
		SolutionGuid = {1F3DE15A-3929-4061-AD3C-F4850F24C0F7}
	EndGlobalSection
EndGlobal
